
Microsoft Visual Studio Solution File, Format Version 12.00
# Visual Studio 15
VisualStudioVersion = 15.0.28307.779
MinimumVisualStudioVersion = 10.0.40219.1
Project("{FAE04EC0-301F-11D3-BF4B-00C04F79EFBC}") = "App3.Android", "App3\App3.Android\App3.Android.csproj", "{CDB39200-6C46-47A8-B1C2-8B546DF72AFF}"
EndProject
Project("{FAE04EC0-301F-11D3-BF4B-00C04F79EFBC}") = "App3.iOS", "App3\App3.iOS\App3.iOS.csproj", "{0CCEDDEE-E857-4ABC-A906-8C813EFC1B71}"
EndProject
Project("{FAE04EC0-301F-11D3-BF4B-00C04F79EFBC}") = "App3.UWP", "App3\App3.UWP\App3.UWP.csproj", "{E383F547-BAC0-41B0-A510-E784C1AAE050}"
EndProject
Project("{FAE04EC0-301F-11D3-BF4B-00C04F79EFBC}") = "App3", "App3\App3\App3.csproj", "{77B87CB8-EC33-41BE-B070-BC99C362C1E7}"
EndProject
Global
	GlobalSection(SolutionConfigurationPlatforms) = preSolution
		Ad-Hoc|Any CPU = Ad-Hoc|Any CPU
		Ad-Hoc|ARM = Ad-Hoc|ARM
		Ad-Hoc|iPhone = Ad-Hoc|iPhone
		Ad-Hoc|iPhoneSimulator = Ad-Hoc|iPhoneSimulator
		Ad-Hoc|x64 = Ad-Hoc|x64
		Ad-Hoc|x86 = Ad-Hoc|x86
		AppStore|Any CPU = AppStore|Any CPU
		AppStore|ARM = AppStore|ARM
		AppStore|iPhone = AppStore|iPhone
		AppStore|iPhoneSimulator = AppStore|iPhoneSimulator
		AppStore|x64 = AppStore|x64
		AppStore|x86 = AppStore|x86
		Debug|Any CPU = Debug|Any CPU
		Debug|ARM = Debug|ARM
		Debug|iPhone = Debug|iPhone
		Debug|iPhoneSimulator = Debug|iPhoneSimulator
		Debug|x64 = Debug|x64
		Debug|x86 = Debug|x86
		Release|Any CPU = Release|Any CPU
		Release|ARM = Release|ARM
		Release|iPhone = Release|iPhone
		Release|iPhoneSimulator = Release|iPhoneSimulator
		Release|x64 = Release|x64
		Release|x86 = Release|x86
	EndGlobalSection
	GlobalSection(ProjectConfigurationPlatforms) = postSolution
		{CDB39200-6C46-47A8-B1C2-8B546DF72AFF}.Ad-Hoc|Any CPU.ActiveCfg = Release|Any CPU
		{CDB39200-6C46-47A8-B1C2-8B546DF72AFF}.Ad-Hoc|Any CPU.Build.0 = Release|Any CPU
		{CDB39200-6C46-47A8-B1C2-8B546DF72AFF}.Ad-Hoc|Any CPU.Deploy.0 = Release|Any CPU
		{CDB39200-6C46-47A8-B1C2-8B546DF72AFF}.Ad-Hoc|ARM.ActiveCfg = Release|Any CPU
		{CDB39200-6C46-47A8-B1C2-8B546DF72AFF}.Ad-Hoc|ARM.Build.0 = Release|Any CPU
		{CDB39200-6C46-47A8-B1C2-8B546DF72AFF}.Ad-Hoc|ARM.Deploy.0 = Release|Any CPU
		{CDB39200-6C46-47A8-B1C2-8B546DF72AFF}.Ad-Hoc|iPhone.ActiveCfg = Release|Any CPU
		{CDB39200-6C46-47A8-B1C2-8B546DF72AFF}.Ad-Hoc|iPhone.Build.0 = Release|Any CPU
		{CDB39200-6C46-47A8-B1C2-8B546DF72AFF}.Ad-Hoc|iPhone.Deploy.0 = Release|Any CPU
		{CDB39200-6C46-47A8-B1C2-8B546DF72AFF}.Ad-Hoc|iPhoneSimulator.ActiveCfg = Release|Any CPU
		{CDB39200-6C46-47A8-B1C2-8B546DF72AFF}.Ad-Hoc|iPhoneSimulator.Build.0 = Release|Any CPU
		{CDB39200-6C46-47A8-B1C2-8B546DF72AFF}.Ad-Hoc|iPhoneSimulator.Deploy.0 = Release|Any CPU
		{CDB39200-6C46-47A8-B1C2-8B546DF72AFF}.Ad-Hoc|x64.ActiveCfg = Release|Any CPU
		{CDB39200-6C46-47A8-B1C2-8B546DF72AFF}.Ad-Hoc|x64.Build.0 = Release|Any CPU
		{CDB39200-6C46-47A8-B1C2-8B546DF72AFF}.Ad-Hoc|x64.Deploy.0 = Release|Any CPU
		{CDB39200-6C46-47A8-B1C2-8B546DF72AFF}.Ad-Hoc|x86.ActiveCfg = Release|Any CPU
		{CDB39200-6C46-47A8-B1C2-8B546DF72AFF}.Ad-Hoc|x86.Build.0 = Release|Any CPU
		{CDB39200-6C46-47A8-B1C2-8B546DF72AFF}.Ad-Hoc|x86.Deploy.0 = Release|Any CPU
		{CDB39200-6C46-47A8-B1C2-8B546DF72AFF}.AppStore|Any CPU.ActiveCfg = Release|Any CPU
		{CDB39200-6C46-47A8-B1C2-8B546DF72AFF}.AppStore|Any CPU.Build.0 = Release|Any CPU
		{CDB39200-6C46-47A8-B1C2-8B546DF72AFF}.AppStore|Any CPU.Deploy.0 = Release|Any CPU
		{CDB39200-6C46-47A8-B1C2-8B546DF72AFF}.AppStore|ARM.ActiveCfg = Release|Any CPU
		{CDB39200-6C46-47A8-B1C2-8B546DF72AFF}.AppStore|ARM.Build.0 = Release|Any CPU
		{CDB39200-6C46-47A8-B1C2-8B546DF72AFF}.AppStore|ARM.Deploy.0 = Release|Any CPU
		{CDB39200-6C46-47A8-B1C2-8B546DF72AFF}.AppStore|iPhone.ActiveCfg = Release|Any CPU
		{CDB39200-6C46-47A8-B1C2-8B546DF72AFF}.AppStore|iPhone.Build.0 = Release|Any CPU
		{CDB39200-6C46-47A8-B1C2-8B546DF72AFF}.AppStore|iPhone.Deploy.0 = Release|Any CPU
		{CDB39200-6C46-47A8-B1C2-8B546DF72AFF}.AppStore|iPhoneSimulator.ActiveCfg = Release|Any CPU
		{CDB39200-6C46-47A8-B1C2-8B546DF72AFF}.AppStore|iPhoneSimulator.Build.0 = Release|Any CPU
		{CDB39200-6C46-47A8-B1C2-8B546DF72AFF}.AppStore|iPhoneSimulator.Deploy.0 = Release|Any CPU
		{CDB39200-6C46-47A8-B1C2-8B546DF72AFF}.AppStore|x64.ActiveCfg = Release|Any CPU
		{CDB39200-6C46-47A8-B1C2-8B546DF72AFF}.AppStore|x64.Build.0 = Release|Any CPU
		{CDB39200-6C46-47A8-B1C2-8B546DF72AFF}.AppStore|x64.Deploy.0 = Release|Any CPU
		{CDB39200-6C46-47A8-B1C2-8B546DF72AFF}.AppStore|x86.ActiveCfg = Release|Any CPU
		{CDB39200-6C46-47A8-B1C2-8B546DF72AFF}.AppStore|x86.Build.0 = Release|Any CPU
		{CDB39200-6C46-47A8-B1C2-8B546DF72AFF}.AppStore|x86.Deploy.0 = Release|Any CPU
		{CDB39200-6C46-47A8-B1C2-8B546DF72AFF}.Debug|Any CPU.ActiveCfg = Debug|Any CPU
		{CDB39200-6C46-47A8-B1C2-8B546DF72AFF}.Debug|Any CPU.Build.0 = Debug|Any CPU
		{CDB39200-6C46-47A8-B1C2-8B546DF72AFF}.Debug|Any CPU.Deploy.0 = Debug|Any CPU
		{CDB39200-6C46-47A8-B1C2-8B546DF72AFF}.Debug|ARM.ActiveCfg = Debug|Any CPU
		{CDB39200-6C46-47A8-B1C2-8B546DF72AFF}.Debug|ARM.Build.0 = Debug|Any CPU
		{CDB39200-6C46-47A8-B1C2-8B546DF72AFF}.Debug|ARM.Deploy.0 = Debug|Any CPU
		{CDB39200-6C46-47A8-B1C2-8B546DF72AFF}.Debug|iPhone.ActiveCfg = Debug|Any CPU
		{CDB39200-6C46-47A8-B1C2-8B546DF72AFF}.Debug|iPhone.Build.0 = Debug|Any CPU
		{CDB39200-6C46-47A8-B1C2-8B546DF72AFF}.Debug|iPhone.Deploy.0 = Debug|Any CPU
		{CDB39200-6C46-47A8-B1C2-8B546DF72AFF}.Debug|iPhoneSimulator.ActiveCfg = Debug|Any CPU
		{CDB39200-6C46-47A8-B1C2-8B546DF72AFF}.Debug|iPhoneSimulator.Build.0 = Debug|Any CPU
		{CDB39200-6C46-47A8-B1C2-8B546DF72AFF}.Debug|iPhoneSimulator.Deploy.0 = Debug|Any CPU
		{CDB39200-6C46-47A8-B1C2-8B546DF72AFF}.Debug|x64.ActiveCfg = Debug|Any CPU
		{CDB39200-6C46-47A8-B1C2-8B546DF72AFF}.Debug|x64.Build.0 = Debug|Any CPU
		{CDB39200-6C46-47A8-B1C2-8B546DF72AFF}.Debug|x64.Deploy.0 = Debug|Any CPU
		{CDB39200-6C46-47A8-B1C2-8B546DF72AFF}.Debug|x86.ActiveCfg = Debug|Any CPU
		{CDB39200-6C46-47A8-B1C2-8B546DF72AFF}.Debug|x86.Build.0 = Debug|Any CPU
		{CDB39200-6C46-47A8-B1C2-8B546DF72AFF}.Debug|x86.Deploy.0 = Debug|Any CPU
		{CDB39200-6C46-47A8-B1C2-8B546DF72AFF}.Release|Any CPU.ActiveCfg = Release|Any CPU
		{CDB39200-6C46-47A8-B1C2-8B546DF72AFF}.Release|Any CPU.Build.0 = Release|Any CPU
		{CDB39200-6C46-47A8-B1C2-8B546DF72AFF}.Release|Any CPU.Deploy.0 = Release|Any CPU
		{CDB39200-6C46-47A8-B1C2-8B546DF72AFF}.Release|ARM.ActiveCfg = Release|Any CPU
		{CDB39200-6C46-47A8-B1C2-8B546DF72AFF}.Release|ARM.Build.0 = Release|Any CPU
		{CDB39200-6C46-47A8-B1C2-8B546DF72AFF}.Release|ARM.Deploy.0 = Release|Any CPU
		{CDB39200-6C46-47A8-B1C2-8B546DF72AFF}.Release|iPhone.ActiveCfg = Release|Any CPU
		{CDB39200-6C46-47A8-B1C2-8B546DF72AFF}.Release|iPhone.Build.0 = Release|Any CPU
		{CDB39200-6C46-47A8-B1C2-8B546DF72AFF}.Release|iPhone.Deploy.0 = Release|Any CPU
		{CDB39200-6C46-47A8-B1C2-8B546DF72AFF}.Release|iPhoneSimulator.ActiveCfg = Release|Any CPU
		{CDB39200-6C46-47A8-B1C2-8B546DF72AFF}.Release|iPhoneSimulator.Build.0 = Release|Any CPU
		{CDB39200-6C46-47A8-B1C2-8B546DF72AFF}.Release|iPhoneSimulator.Deploy.0 = Release|Any CPU
		{CDB39200-6C46-47A8-B1C2-8B546DF72AFF}.Release|x64.ActiveCfg = Release|Any CPU
		{CDB39200-6C46-47A8-B1C2-8B546DF72AFF}.Release|x64.Build.0 = Release|Any CPU
		{CDB39200-6C46-47A8-B1C2-8B546DF72AFF}.Release|x64.Deploy.0 = Release|Any CPU
		{CDB39200-6C46-47A8-B1C2-8B546DF72AFF}.Release|x86.ActiveCfg = Release|Any CPU
		{CDB39200-6C46-47A8-B1C2-8B546DF72AFF}.Release|x86.Build.0 = Release|Any CPU
		{CDB39200-6C46-47A8-B1C2-8B546DF72AFF}.Release|x86.Deploy.0 = Release|Any CPU
		{0CCEDDEE-E857-4ABC-A906-8C813EFC1B71}.Ad-Hoc|Any CPU.ActiveCfg = Ad-Hoc|iPhone
		{0CCEDDEE-E857-4ABC-A906-8C813EFC1B71}.Ad-Hoc|Any CPU.Build.0 = Ad-Hoc|iPhone
		{0CCEDDEE-E857-4ABC-A906-8C813EFC1B71}.Ad-Hoc|Any CPU.Deploy.0 = Ad-Hoc|iPhone
		{0CCEDDEE-E857-4ABC-A906-8C813EFC1B71}.Ad-Hoc|ARM.ActiveCfg = Ad-Hoc|iPhone
		{0CCEDDEE-E857-4ABC-A906-8C813EFC1B71}.Ad-Hoc|ARM.Build.0 = Ad-Hoc|iPhone
		{0CCEDDEE-E857-4ABC-A906-8C813EFC1B71}.Ad-Hoc|ARM.Deploy.0 = Ad-Hoc|iPhone
		{0CCEDDEE-E857-4ABC-A906-8C813EFC1B71}.Ad-Hoc|iPhone.ActiveCfg = Ad-Hoc|iPhone
		{0CCEDDEE-E857-4ABC-A906-8C813EFC1B71}.Ad-Hoc|iPhone.Build.0 = Ad-Hoc|iPhone
		{0CCEDDEE-E857-4ABC-A906-8C813EFC1B71}.Ad-Hoc|iPhone.Deploy.0 = Ad-Hoc|iPhone
		{0CCEDDEE-E857-4ABC-A906-8C813EFC1B71}.Ad-Hoc|iPhoneSimulator.ActiveCfg = Ad-Hoc|iPhoneSimulator
		{0CCEDDEE-E857-4ABC-A906-8C813EFC1B71}.Ad-Hoc|iPhoneSimulator.Build.0 = Ad-Hoc|iPhoneSimulator
		{0CCEDDEE-E857-4ABC-A906-8C813EFC1B71}.Ad-Hoc|iPhoneSimulator.Deploy.0 = Ad-Hoc|iPhoneSimulator
		{0CCEDDEE-E857-4ABC-A906-8C813EFC1B71}.Ad-Hoc|x64.ActiveCfg = Ad-Hoc|iPhone
		{0CCEDDEE-E857-4ABC-A906-8C813EFC1B71}.Ad-Hoc|x64.Build.0 = Ad-Hoc|iPhone
		{0CCEDDEE-E857-4ABC-A906-8C813EFC1B71}.Ad-Hoc|x64.Deploy.0 = Ad-Hoc|iPhone
		{0CCEDDEE-E857-4ABC-A906-8C813EFC1B71}.Ad-Hoc|x86.ActiveCfg = Ad-Hoc|iPhone
		{0CCEDDEE-E857-4ABC-A906-8C813EFC1B71}.Ad-Hoc|x86.Build.0 = Ad-Hoc|iPhone
		{0CCEDDEE-E857-4ABC-A906-8C813EFC1B71}.Ad-Hoc|x86.Deploy.0 = Ad-Hoc|iPhone
		{0CCEDDEE-E857-4ABC-A906-8C813EFC1B71}.AppStore|Any CPU.ActiveCfg = AppStore|iPhone
		{0CCEDDEE-E857-4ABC-A906-8C813EFC1B71}.AppStore|Any CPU.Build.0 = AppStore|iPhone
		{0CCEDDEE-E857-4ABC-A906-8C813EFC1B71}.AppStore|Any CPU.Deploy.0 = AppStore|iPhone
		{0CCEDDEE-E857-4ABC-A906-8C813EFC1B71}.AppStore|ARM.ActiveCfg = AppStore|iPhone
		{0CCEDDEE-E857-4ABC-A906-8C813EFC1B71}.AppStore|ARM.Build.0 = AppStore|iPhone
		{0CCEDDEE-E857-4ABC-A906-8C813EFC1B71}.AppStore|ARM.Deploy.0 = AppStore|iPhone
		{0CCEDDEE-E857-4ABC-A906-8C813EFC1B71}.AppStore|iPhone.ActiveCfg = AppStore|iPhone
		{0CCEDDEE-E857-4ABC-A906-8C813EFC1B71}.AppStore|iPhone.Build.0 = AppStore|iPhone
		{0CCEDDEE-E857-4ABC-A906-8C813EFC1B71}.AppStore|iPhone.Deploy.0 = AppStore|iPhone
		{0CCEDDEE-E857-4ABC-A906-8C813EFC1B71}.AppStore|iPhoneSimulator.ActiveCfg = AppStore|iPhoneSimulator
		{0CCEDDEE-E857-4ABC-A906-8C813EFC1B71}.AppStore|iPhoneSimulator.Build.0 = AppStore|iPhoneSimulator
		{0CCEDDEE-E857-4ABC-A906-8C813EFC1B71}.AppStore|iPhoneSimulator.Deploy.0 = AppStore|iPhoneSimulator
		{0CCEDDEE-E857-4ABC-A906-8C813EFC1B71}.AppStore|x64.ActiveCfg = AppStore|iPhone
		{0CCEDDEE-E857-4ABC-A906-8C813EFC1B71}.AppStore|x64.Build.0 = AppStore|iPhone
		{0CCEDDEE-E857-4ABC-A906-8C813EFC1B71}.AppStore|x64.Deploy.0 = AppStore|iPhone
		{0CCEDDEE-E857-4ABC-A906-8C813EFC1B71}.AppStore|x86.ActiveCfg = AppStore|iPhone
		{0CCEDDEE-E857-4ABC-A906-8C813EFC1B71}.AppStore|x86.Build.0 = AppStore|iPhone
		{0CCEDDEE-E857-4ABC-A906-8C813EFC1B71}.AppStore|x86.Deploy.0 = AppStore|iPhone
		{0CCEDDEE-E857-4ABC-A906-8C813EFC1B71}.Debug|Any CPU.ActiveCfg = Debug|iPhoneSimulator
		{0CCEDDEE-E857-4ABC-A906-8C813EFC1B71}.Debug|Any CPU.Build.0 = Debug|iPhoneSimulator
		{0CCEDDEE-E857-4ABC-A906-8C813EFC1B71}.Debug|Any CPU.Deploy.0 = Debug|iPhoneSimulator
		{0CCEDDEE-E857-4ABC-A906-8C813EFC1B71}.Debug|ARM.ActiveCfg = Debug|iPhone
		{0CCEDDEE-E857-4ABC-A906-8C813EFC1B71}.Debug|ARM.Build.0 = Debug|iPhone
		{0CCEDDEE-E857-4ABC-A906-8C813EFC1B71}.Debug|ARM.Deploy.0 = Debug|iPhone
		{0CCEDDEE-E857-4ABC-A906-8C813EFC1B71}.Debug|iPhone.ActiveCfg = Debug|iPhone
		{0CCEDDEE-E857-4ABC-A906-8C813EFC1B71}.Debug|iPhone.Build.0 = Debug|iPhone
		{0CCEDDEE-E857-4ABC-A906-8C813EFC1B71}.Debug|iPhone.Deploy.0 = Debug|iPhone
		{0CCEDDEE-E857-4ABC-A906-8C813EFC1B71}.Debug|iPhoneSimulator.ActiveCfg = Debug|iPhoneSimulator
		{0CCEDDEE-E857-4ABC-A906-8C813EFC1B71}.Debug|iPhoneSimulator.Build.0 = Debug|iPhoneSimulator
		{0CCEDDEE-E857-4ABC-A906-8C813EFC1B71}.Debug|iPhoneSimulator.Deploy.0 = Debug|iPhoneSimulator
		{0CCEDDEE-E857-4ABC-A906-8C813EFC1B71}.Debug|x64.ActiveCfg = Debug|iPhone
		{0CCEDDEE-E857-4ABC-A906-8C813EFC1B71}.Debug|x64.Build.0 = Debug|iPhone
		{0CCEDDEE-E857-4ABC-A906-8C813EFC1B71}.Debug|x64.Deploy.0 = Debug|iPhone
		{0CCEDDEE-E857-4ABC-A906-8C813EFC1B71}.Debug|x86.ActiveCfg = Debug|iPhone
		{0CCEDDEE-E857-4ABC-A906-8C813EFC1B71}.Debug|x86.Build.0 = Debug|iPhone
		{0CCEDDEE-E857-4ABC-A906-8C813EFC1B71}.Debug|x86.Deploy.0 = Debug|iPhone
		{0CCEDDEE-E857-4ABC-A906-8C813EFC1B71}.Release|Any CPU.ActiveCfg = Release|iPhone
		{0CCEDDEE-E857-4ABC-A906-8C813EFC1B71}.Release|Any CPU.Build.0 = Release|iPhone
		{0CCEDDEE-E857-4ABC-A906-8C813EFC1B71}.Release|Any CPU.Deploy.0 = Release|iPhone
		{0CCEDDEE-E857-4ABC-A906-8C813EFC1B71}.Release|ARM.ActiveCfg = Release|iPhone
		{0CCEDDEE-E857-4ABC-A906-8C813EFC1B71}.Release|ARM.Build.0 = Release|iPhone
		{0CCEDDEE-E857-4ABC-A906-8C813EFC1B71}.Release|ARM.Deploy.0 = Release|iPhone
		{0CCEDDEE-E857-4ABC-A906-8C813EFC1B71}.Release|iPhone.ActiveCfg = Release|iPhone
		{0CCEDDEE-E857-4ABC-A906-8C813EFC1B71}.Release|iPhone.Build.0 = Release|iPhone
		{0CCEDDEE-E857-4ABC-A906-8C813EFC1B71}.Release|iPhone.Deploy.0 = Release|iPhone
		{0CCEDDEE-E857-4ABC-A906-8C813EFC1B71}.Release|iPhoneSimulator.ActiveCfg = Release|iPhoneSimulator
		{0CCEDDEE-E857-4ABC-A906-8C813EFC1B71}.Release|iPhoneSimulator.Build.0 = Release|iPhoneSimulator
		{0CCEDDEE-E857-4ABC-A906-8C813EFC1B71}.Release|iPhoneSimulator.Deploy.0 = Release|iPhoneSimulator
		{0CCEDDEE-E857-4ABC-A906-8C813EFC1B71}.Release|x64.ActiveCfg = Release|iPhone
		{0CCEDDEE-E857-4ABC-A906-8C813EFC1B71}.Release|x64.Build.0 = Release|iPhone
		{0CCEDDEE-E857-4ABC-A906-8C813EFC1B71}.Release|x64.Deploy.0 = Release|iPhone
		{0CCEDDEE-E857-4ABC-A906-8C813EFC1B71}.Release|x86.ActiveCfg = Release|iPhone
		{0CCEDDEE-E857-4ABC-A906-8C813EFC1B71}.Release|x86.Build.0 = Release|iPhone
		{0CCEDDEE-E857-4ABC-A906-8C813EFC1B71}.Release|x86.Deploy.0 = Release|iPhone
		{E383F547-BAC0-41B0-A510-E784C1AAE050}.Ad-Hoc|Any CPU.ActiveCfg = Release|x86
		{E383F547-BAC0-41B0-A510-E784C1AAE050}.Ad-Hoc|Any CPU.Build.0 = Release|x86
		{E383F547-BAC0-41B0-A510-E784C1AAE050}.Ad-Hoc|Any CPU.Deploy.0 = Release|x86
		{E383F547-BAC0-41B0-A510-E784C1AAE050}.Ad-Hoc|ARM.ActiveCfg = Release|ARM
		{E383F547-BAC0-41B0-A510-E784C1AAE050}.Ad-Hoc|ARM.Build.0 = Release|ARM
		{E383F547-BAC0-41B0-A510-E784C1AAE050}.Ad-Hoc|ARM.Deploy.0 = Release|ARM
		{E383F547-BAC0-41B0-A510-E784C1AAE050}.Ad-Hoc|iPhone.ActiveCfg = Release|x86
		{E383F547-BAC0-41B0-A510-E784C1AAE050}.Ad-Hoc|iPhone.Build.0 = Release|x86
		{E383F547-BAC0-41B0-A510-E784C1AAE050}.Ad-Hoc|iPhone.Deploy.0 = Release|x86
		{E383F547-BAC0-41B0-A510-E784C1AAE050}.Ad-Hoc|iPhoneSimulator.ActiveCfg = Release|x86
		{E383F547-BAC0-41B0-A510-E784C1AAE050}.Ad-Hoc|iPhoneSimulator.Build.0 = Release|x86
		{E383F547-BAC0-41B0-A510-E784C1AAE050}.Ad-Hoc|iPhoneSimulator.Deploy.0 = Release|x86
		{E383F547-BAC0-41B0-A510-E784C1AAE050}.Ad-Hoc|x64.ActiveCfg = Release|x64
		{E383F547-BAC0-41B0-A510-E784C1AAE050}.Ad-Hoc|x64.Build.0 = Release|x64
		{E383F547-BAC0-41B0-A510-E784C1AAE050}.Ad-Hoc|x64.Deploy.0 = Release|x64
		{E383F547-BAC0-41B0-A510-E784C1AAE050}.Ad-Hoc|x86.ActiveCfg = Release|x86
		{E383F547-BAC0-41B0-A510-E784C1AAE050}.Ad-Hoc|x86.Build.0 = Release|x86
		{E383F547-BAC0-41B0-A510-E784C1AAE050}.Ad-Hoc|x86.Deploy.0 = Release|x86
		{E383F547-BAC0-41B0-A510-E784C1AAE050}.AppStore|Any CPU.ActiveCfg = Release|x86
		{E383F547-BAC0-41B0-A510-E784C1AAE050}.AppStore|Any CPU.Build.0 = Release|x86
		{E383F547-BAC0-41B0-A510-E784C1AAE050}.AppStore|Any CPU.Deploy.0 = Release|x86
		{E383F547-BAC0-41B0-A510-E784C1AAE050}.AppStore|ARM.ActiveCfg = Release|ARM
		{E383F547-BAC0-41B0-A510-E784C1AAE050}.AppStore|ARM.Build.0 = Release|ARM
		{E383F547-BAC0-41B0-A510-E784C1AAE050}.AppStore|ARM.Deploy.0 = Release|ARM
		{E383F547-BAC0-41B0-A510-E784C1AAE050}.AppStore|iPhone.ActiveCfg = Release|x86
		{E383F547-BAC0-41B0-A510-E784C1AAE050}.AppStore|iPhone.Build.0 = Release|x86
		{E383F547-BAC0-41B0-A510-E784C1AAE050}.AppStore|iPhone.Deploy.0 = Release|x86
		{E383F547-BAC0-41B0-A510-E784C1AAE050}.AppStore|iPhoneSimulator.ActiveCfg = Release|x86
		{E383F547-BAC0-41B0-A510-E784C1AAE050}.AppStore|iPhoneSimulator.Build.0 = Release|x86
		{E383F547-BAC0-41B0-A510-E784C1AAE050}.AppStore|iPhoneSimulator.Deploy.0 = Release|x86
		{E383F547-BAC0-41B0-A510-E784C1AAE050}.AppStore|x64.ActiveCfg = Release|x64
		{E383F547-BAC0-41B0-A510-E784C1AAE050}.AppStore|x64.Build.0 = Release|x64
		{E383F547-BAC0-41B0-A510-E784C1AAE050}.AppStore|x64.Deploy.0 = Release|x64
		{E383F547-BAC0-41B0-A510-E784C1AAE050}.AppStore|x86.ActiveCfg = Release|x86
		{E383F547-BAC0-41B0-A510-E784C1AAE050}.AppStore|x86.Build.0 = Release|x86
		{E383F547-BAC0-41B0-A510-E784C1AAE050}.AppStore|x86.Deploy.0 = Release|x86
		{E383F547-BAC0-41B0-A510-E784C1AAE050}.Debug|Any CPU.ActiveCfg = Debug|x86
		{E383F547-BAC0-41B0-A510-E784C1AAE050}.Debug|Any CPU.Build.0 = Debug|x86
		{E383F547-BAC0-41B0-A510-E784C1AAE050}.Debug|Any CPU.Deploy.0 = Debug|x86
		{E383F547-BAC0-41B0-A510-E784C1AAE050}.Debug|ARM.ActiveCfg = Debug|ARM
		{E383F547-BAC0-41B0-A510-E784C1AAE050}.Debug|ARM.Build.0 = Debug|ARM
		{E383F547-BAC0-41B0-A510-E784C1AAE050}.Debug|ARM.Deploy.0 = Debug|ARM
		{E383F547-BAC0-41B0-A510-E784C1AAE050}.Debug|iPhone.ActiveCfg = Debug|x86
		{E383F547-BAC0-41B0-A510-E784C1AAE050}.Debug|iPhone.Build.0 = Debug|x86
		{E383F547-BAC0-41B0-A510-E784C1AAE050}.Debug|iPhone.Deploy.0 = Debug|x86
		{E383F547-BAC0-41B0-A510-E784C1AAE050}.Debug|iPhoneSimulator.ActiveCfg = Debug|x86
		{E383F547-BAC0-41B0-A510-E784C1AAE050}.Debug|iPhoneSimulator.Build.0 = Debug|x86
		{E383F547-BAC0-41B0-A510-E784C1AAE050}.Debug|iPhoneSimulator.Deploy.0 = Debug|x86
		{E383F547-BAC0-41B0-A510-E784C1AAE050}.Debug|x64.ActiveCfg = Debug|x64
		{E383F547-BAC0-41B0-A510-E784C1AAE050}.Debug|x64.Build.0 = Debug|x64
		{E383F547-BAC0-41B0-A510-E784C1AAE050}.Debug|x64.Deploy.0 = Debug|x64
		{E383F547-BAC0-41B0-A510-E784C1AAE050}.Debug|x86.ActiveCfg = Debug|x86
		{E383F547-BAC0-41B0-A510-E784C1AAE050}.Debug|x86.Build.0 = Debug|x86
		{E383F547-BAC0-41B0-A510-E784C1AAE050}.Debug|x86.Deploy.0 = Debug|x86
		{E383F547-BAC0-41B0-A510-E784C1AAE050}.Release|Any CPU.ActiveCfg = Release|x86
		{E383F547-BAC0-41B0-A510-E784C1AAE050}.Release|Any CPU.Build.0 = Release|x86
		{E383F547-BAC0-41B0-A510-E784C1AAE050}.Release|Any CPU.Deploy.0 = Release|x86
		{E383F547-BAC0-41B0-A510-E784C1AAE050}.Release|ARM.ActiveCfg = Release|ARM
		{E383F547-BAC0-41B0-A510-E784C1AAE050}.Release|ARM.Build.0 = Release|ARM
		{E383F547-BAC0-41B0-A510-E784C1AAE050}.Release|ARM.Deploy.0 = Release|ARM
		{E383F547-BAC0-41B0-A510-E784C1AAE050}.Release|iPhone.ActiveCfg = Release|x86
		{E383F547-BAC0-41B0-A510-E784C1AAE050}.Release|iPhone.Build.0 = Release|x86
		{E383F547-BAC0-41B0-A510-E784C1AAE050}.Release|iPhone.Deploy.0 = Release|x86
		{E383F547-BAC0-41B0-A510-E784C1AAE050}.Release|iPhoneSimulator.ActiveCfg = Release|x86
		{E383F547-BAC0-41B0-A510-E784C1AAE050}.Release|iPhoneSimulator.Build.0 = Release|x86
		{E383F547-BAC0-41B0-A510-E784C1AAE050}.Release|iPhoneSimulator.Deploy.0 = Release|x86
		{E383F547-BAC0-41B0-A510-E784C1AAE050}.Release|x64.ActiveCfg = Release|x64
		{E383F547-BAC0-41B0-A510-E784C1AAE050}.Release|x64.Build.0 = Release|x64
		{E383F547-BAC0-41B0-A510-E784C1AAE050}.Release|x64.Deploy.0 = Release|x64
		{E383F547-BAC0-41B0-A510-E784C1AAE050}.Release|x86.ActiveCfg = Release|x86
		{E383F547-BAC0-41B0-A510-E784C1AAE050}.Release|x86.Build.0 = Release|x86
		{E383F547-BAC0-41B0-A510-E784C1AAE050}.Release|x86.Deploy.0 = Release|x86
		{77B87CB8-EC33-41BE-B070-BC99C362C1E7}.Ad-Hoc|Any CPU.ActiveCfg = Debug|Any CPU
		{77B87CB8-EC33-41BE-B070-BC99C362C1E7}.Ad-Hoc|Any CPU.Build.0 = Debug|Any CPU
		{77B87CB8-EC33-41BE-B070-BC99C362C1E7}.Ad-Hoc|Any CPU.Deploy.0 = Debug|Any CPU
		{77B87CB8-EC33-41BE-B070-BC99C362C1E7}.Ad-Hoc|ARM.ActiveCfg = Debug|Any CPU
		{77B87CB8-EC33-41BE-B070-BC99C362C1E7}.Ad-Hoc|ARM.Build.0 = Debug|Any CPU
		{77B87CB8-EC33-41BE-B070-BC99C362C1E7}.Ad-Hoc|ARM.Deploy.0 = Debug|Any CPU
		{77B87CB8-EC33-41BE-B070-BC99C362C1E7}.Ad-Hoc|iPhone.ActiveCfg = Debug|Any CPU
		{77B87CB8-EC33-41BE-B070-BC99C362C1E7}.Ad-Hoc|iPhone.Build.0 = Debug|Any CPU
		{77B87CB8-EC33-41BE-B070-BC99C362C1E7}.Ad-Hoc|iPhone.Deploy.0 = Debug|Any CPU
		{77B87CB8-EC33-41BE-B070-BC99C362C1E7}.Ad-Hoc|iPhoneSimulator.ActiveCfg = Debug|Any CPU
		{77B87CB8-EC33-41BE-B070-BC99C362C1E7}.Ad-Hoc|iPhoneSimulator.Build.0 = Debug|Any CPU
		{77B87CB8-EC33-41BE-B070-BC99C362C1E7}.Ad-Hoc|iPhoneSimulator.Deploy.0 = Debug|Any CPU
		{77B87CB8-EC33-41BE-B070-BC99C362C1E7}.Ad-Hoc|x64.ActiveCfg = Debug|Any CPU
		{77B87CB8-EC33-41BE-B070-BC99C362C1E7}.Ad-Hoc|x64.Build.0 = Debug|Any CPU
		{77B87CB8-EC33-41BE-B070-BC99C362C1E7}.Ad-Hoc|x64.Deploy.0 = Debug|Any CPU
		{77B87CB8-EC33-41BE-B070-BC99C362C1E7}.Ad-Hoc|x86.ActiveCfg = Debug|Any CPU
		{77B87CB8-EC33-41BE-B070-BC99C362C1E7}.Ad-Hoc|x86.Build.0 = Debug|Any CPU
		{77B87CB8-EC33-41BE-B070-BC99C362C1E7}.Ad-Hoc|x86.Deploy.0 = Debug|Any CPU
		{77B87CB8-EC33-41BE-B070-BC99C362C1E7}.AppStore|Any CPU.ActiveCfg = Debug|Any CPU
		{77B87CB8-EC33-41BE-B070-BC99C362C1E7}.AppStore|Any CPU.Build.0 = Debug|Any CPU
		{77B87CB8-EC33-41BE-B070-BC99C362C1E7}.AppStore|Any CPU.Deploy.0 = Debug|Any CPU
		{77B87CB8-EC33-41BE-B070-BC99C362C1E7}.AppStore|ARM.ActiveCfg = Debug|Any CPU
		{77B87CB8-EC33-41BE-B070-BC99C362C1E7}.AppStore|ARM.Build.0 = Debug|Any CPU
		{77B87CB8-EC33-41BE-B070-BC99C362C1E7}.AppStore|ARM.Deploy.0 = Debug|Any CPU
		{77B87CB8-EC33-41BE-B070-BC99C362C1E7}.AppStore|iPhone.ActiveCfg = Debug|Any CPU
		{77B87CB8-EC33-41BE-B070-BC99C362C1E7}.AppStore|iPhone.Build.0 = Debug|Any CPU
		{77B87CB8-EC33-41BE-B070-BC99C362C1E7}.AppStore|iPhone.Deploy.0 = Debug|Any CPU
		{77B87CB8-EC33-41BE-B070-BC99C362C1E7}.AppStore|iPhoneSimulator.ActiveCfg = Debug|Any CPU
		{77B87CB8-EC33-41BE-B070-BC99C362C1E7}.AppStore|iPhoneSimulator.Build.0 = Debug|Any CPU
		{77B87CB8-EC33-41BE-B070-BC99C362C1E7}.AppStore|iPhoneSimulator.Deploy.0 = Debug|Any CPU
		{77B87CB8-EC33-41BE-B070-BC99C362C1E7}.AppStore|x64.ActiveCfg = Debug|Any CPU
		{77B87CB8-EC33-41BE-B070-BC99C362C1E7}.AppStore|x64.Build.0 = Debug|Any CPU
		{77B87CB8-EC33-41BE-B070-BC99C362C1E7}.AppStore|x64.Deploy.0 = Debug|Any CPU
		{77B87CB8-EC33-41BE-B070-BC99C362C1E7}.AppStore|x86.ActiveCfg = Debug|Any CPU
		{77B87CB8-EC33-41BE-B070-BC99C362C1E7}.AppStore|x86.Build.0 = Debug|Any CPU
		{77B87CB8-EC33-41BE-B070-BC99C362C1E7}.AppStore|x86.Deploy.0 = Debug|Any CPU
		{77B87CB8-EC33-41BE-B070-BC99C362C1E7}.Debug|Any CPU.ActiveCfg = Debug|Any CPU
		{77B87CB8-EC33-41BE-B070-BC99C362C1E7}.Debug|Any CPU.Build.0 = Debug|Any CPU
		{77B87CB8-EC33-41BE-B070-BC99C362C1E7}.Debug|Any CPU.Deploy.0 = Debug|Any CPU
		{77B87CB8-EC33-41BE-B070-BC99C362C1E7}.Debug|ARM.ActiveCfg = Debug|Any CPU
		{77B87CB8-EC33-41BE-B070-BC99C362C1E7}.Debug|ARM.Build.0 = Debug|Any CPU
		{77B87CB8-EC33-41BE-B070-BC99C362C1E7}.Debug|ARM.Deploy.0 = Debug|Any CPU
		{77B87CB8-EC33-41BE-B070-BC99C362C1E7}.Debug|iPhone.ActiveCfg = Debug|Any CPU
		{77B87CB8-EC33-41BE-B070-BC99C362C1E7}.Debug|iPhone.Build.0 = Debug|Any CPU
		{77B87CB8-EC33-41BE-B070-BC99C362C1E7}.Debug|iPhone.Deploy.0 = Debug|Any CPU
		{77B87CB8-EC33-41BE-B070-BC99C362C1E7}.Debug|iPhoneSimulator.ActiveCfg = Debug|Any CPU
		{77B87CB8-EC33-41BE-B070-BC99C362C1E7}.Debug|iPhoneSimulator.Build.0 = Debug|Any CPU
		{77B87CB8-EC33-41BE-B070-BC99C362C1E7}.Debug|iPhoneSimulator.Deploy.0 = Debug|Any CPU
		{77B87CB8-EC33-41BE-B070-BC99C362C1E7}.Debug|x64.ActiveCfg = Debug|Any CPU
		{77B87CB8-EC33-41BE-B070-BC99C362C1E7}.Debug|x64.Build.0 = Debug|Any CPU
		{77B87CB8-EC33-41BE-B070-BC99C362C1E7}.Debug|x64.Deploy.0 = Debug|Any CPU
		{77B87CB8-EC33-41BE-B070-BC99C362C1E7}.Debug|x86.ActiveCfg = Debug|Any CPU
		{77B87CB8-EC33-41BE-B070-BC99C362C1E7}.Debug|x86.Build.0 = Debug|Any CPU
		{77B87CB8-EC33-41BE-B070-BC99C362C1E7}.Debug|x86.Deploy.0 = Debug|Any CPU
		{77B87CB8-EC33-41BE-B070-BC99C362C1E7}.Release|Any CPU.ActiveCfg = Release|Any CPU
		{77B87CB8-EC33-41BE-B070-BC99C362C1E7}.Release|Any CPU.Build.0 = Release|Any CPU
		{77B87CB8-EC33-41BE-B070-BC99C362C1E7}.Release|Any CPU.Deploy.0 = Release|Any CPU
		{77B87CB8-EC33-41BE-B070-BC99C362C1E7}.Release|ARM.ActiveCfg = Release|Any CPU
		{77B87CB8-EC33-41BE-B070-BC99C362C1E7}.Release|ARM.Build.0 = Release|Any CPU
		{77B87CB8-EC33-41BE-B070-BC99C362C1E7}.Release|ARM.Deploy.0 = Release|Any CPU
		{77B87CB8-EC33-41BE-B070-BC99C362C1E7}.Release|iPhone.ActiveCfg = Release|Any CPU
		{77B87CB8-EC33-41BE-B070-BC99C362C1E7}.Release|iPhone.Build.0 = Release|Any CPU
		{77B87CB8-EC33-41BE-B070-BC99C362C1E7}.Release|iPhone.Deploy.0 = Release|Any CPU
		{77B87CB8-EC33-41BE-B070-BC99C362C1E7}.Release|iPhoneSimulator.ActiveCfg = Release|Any CPU
		{77B87CB8-EC33-41BE-B070-BC99C362C1E7}.Release|iPhoneSimulator.Build.0 = Release|Any CPU
		{77B87CB8-EC33-41BE-B070-BC99C362C1E7}.Release|iPhoneSimulator.Deploy.0 = Release|Any CPU
		{77B87CB8-EC33-41BE-B070-BC99C362C1E7}.Release|x64.ActiveCfg = Release|Any CPU
		{77B87CB8-EC33-41BE-B070-BC99C362C1E7}.Release|x64.Build.0 = Release|Any CPU
		{77B87CB8-EC33-41BE-B070-BC99C362C1E7}.Release|x64.Deploy.0 = Release|Any CPU
		{77B87CB8-EC33-41BE-B070-BC99C362C1E7}.Release|x86.ActiveCfg = Release|Any CPU
		{77B87CB8-EC33-41BE-B070-BC99C362C1E7}.Release|x86.Build.0 = Release|Any CPU
		{77B87CB8-EC33-41BE-B070-BC99C362C1E7}.Release|x86.Deploy.0 = Release|Any CPU
	EndGlobalSection
	GlobalSection(SolutionProperties) = preSolution
		HideSolutionNode = FALSE
	EndGlobalSection
	GlobalSection(ExtensibilityGlobals) = postSolution
		SolutionGuid = {3B6B13ED-45E7-4A91-B384-C8C8C1D09D09}
	EndGlobalSection
EndGlobal
